# This file is automatically @generated by Cargo.
# It is not intended for manual editing.
version = 3

[[package]]
name = "bitflags"
version = "1.2.1"
source = "registry+https://github.com/rust-lang/crates.io-index"
checksum = "cf1de2fe8c75bc145a2f577add951f8134889b4795d47466a54a5c846d691693"

[[package]]
name = "byteorder"
version = "1.4.3"
source = "registry+https://github.com/rust-lang/crates.io-index"
checksum = "14c189c53d098945499cdfa7ecc63567cf3886b3332b312a5b4585d8d3a6a610"

[[package]]
name = "cfg-if"
version = "1.0.0"
source = "registry+https://github.com/rust-lang/crates.io-index"
checksum = "baf1de4339761588bc0619e3cbc0120ee582ebb74b53b4efbf79117bd2da40fd"

[[package]]
name = "core_reqs"
version = "0.1.0"

[[package]]
name = "display"
version = "0.1.0"
dependencies = [
 "embedded-graphics",
]

[[package]]
name = "embedded-graphics"
version = "0.6.2"
source = "registry+https://github.com/rust-lang/crates.io-index"
checksum = "40a69991ceb896bd4810a0cf2bcc46fc94b7860573c71f965d8e5b3d66942fed"
dependencies = [
 "byteorder",
]

[[package]]
name = "libc"
version = "0.2.94"
source = "registry+https://github.com/rust-lang/crates.io-index"
checksum = "18794a8ad5b29321f790b55d93dfba91e125cb1a9edbd4f8e3150acc771c1a5e"

[[package]]
name = "log"
version = "0.4.14"
source = "registry+https://github.com/rust-lang/crates.io-index"
checksum = "51b9bbe6c47d51fc3e1a9b945965946b4c44142ab8792c50835a980d362c2710"
dependencies = [
 "cfg-if",
]

[[package]]
name = "managed"
version = "0.7.2"
source = "registry+https://github.com/rust-lang/crates.io-index"
checksum = "c75de51135344a4f8ed3cfe2720dc27736f7711989703a0b43aadf3753c55577"

[[package]]
name = "smoltcp"
version = "0.7.1"
source = "registry+https://github.com/rust-lang/crates.io-index"
checksum = "97173c1ef35b0a09304cb3882eba594761243005847cbbf6124f966e8da6519a"
dependencies = [
 "bitflags",
 "byteorder",
 "libc",
 "log",
 "managed",
]

[[package]]
name = "stage1"
version = "0.1.0"
dependencies = [
 "core_reqs",
 "xenon-cpu",
]

[[package]]
name = "volatile"
version = "0.4.4"
source = "registry+https://github.com/rust-lang/crates.io-index"
checksum = "e4c2dbd44eb8b53973357e6e207e370f0c1059990df850aca1eca8947cf464f0"

[[package]]
name = "xenon-cpu"
version = "0.1.0"

[[package]]
name = "xenon-enet"
version = "0.1.0"
dependencies = [
 "smoltcp",
 "volatile",
 "xenon-cpu",
]
